// !$*UTF8*$!
{
	archiveVersion = 1;
	classes = {
	};
	objectVersion = 46;
	objects = {

/* Begin PBXBuildFile section */
		922D920D1CA594BC005F3E47 /* BaseEffect.m in Sources */ = {isa = PBXBuildFile; fileRef = 922D920A1CA594BC005F3E47 /* BaseEffect.m */; };
		922D920E1CA594BC005F3E47 /* GameObject3D.m in Sources */ = {isa = PBXBuildFile; fileRef = 922D920C1CA594BC005F3E47 /* GameObject3D.m */; };
		922D92121CA595B5005F3E47 /* Ball.mm in Sources */ = {isa = PBXBuildFile; fileRef = 922D92111CA595B5005F3E47 /* Ball.mm */; };
		922D92151CA5963E005F3E47 /* Camera.m in Sources */ = {isa = PBXBuildFile; fileRef = 922D92141CA5963E005F3E47 /* Camera.m */; };
		92B32C991CA48780004653E1 /* main.m in Sources */ = {isa = PBXBuildFile; fileRef = 92B32C981CA48780004653E1 /* main.m */; };
		92B32C9C1CA48780004653E1 /* AppDelegate.m in Sources */ = {isa = PBXBuildFile; fileRef = 92B32C9B1CA48780004653E1 /* AppDelegate.m */; };
		92B32C9E1CA48780004653E1 /* Shader.fsh in Resources */ = {isa = PBXBuildFile; fileRef = 92B32C9D1CA48780004653E1 /* Shader.fsh */; };
		92B32CA01CA48780004653E1 /* Shader.vsh in Resources */ = {isa = PBXBuildFile; fileRef = 92B32C9F1CA48780004653E1 /* Shader.vsh */; };
		92B32CA31CA48780004653E1 /* GameViewController.m in Sources */ = {isa = PBXBuildFile; fileRef = 92B32CA21CA48780004653E1 /* GameViewController.m */; };
		92B32CA61CA48780004653E1 /* Main.storyboard in Resources */ = {isa = PBXBuildFile; fileRef = 92B32CA41CA48780004653E1 /* Main.storyboard */; };
		92B32CA81CA48780004653E1 /* Assets.xcassets in Resources */ = {isa = PBXBuildFile; fileRef = 92B32CA71CA48780004653E1 /* Assets.xcassets */; };
		92B32CAB1CA48780004653E1 /* LaunchScreen.storyboard in Resources */ = {isa = PBXBuildFile; fileRef = 92B32CA91CA48780004653E1 /* LaunchScreen.storyboard */; };
/* End PBXBuildFile section */

/* Begin PBXFileReference section */
		922D92091CA594BC005F3E47 /* BaseEffect.h */ = {isa = PBXFileReference; fileEncoding = 4; lastKnownFileType = sourcecode.c.h; path = BaseEffect.h; sourceTree = "<group>"; };
		922D920A1CA594BC005F3E47 /* BaseEffect.m */ = {isa = PBXFileReference; fileEncoding = 4; lastKnownFileType = sourcecode.c.objc; path = BaseEffect.m; sourceTree = "<group>"; };
		922D920B1CA594BC005F3E47 /* GameObject3D.h */ = {isa = PBXFileReference; fileEncoding = 4; lastKnownFileType = sourcecode.c.h; path = GameObject3D.h; sourceTree = "<group>"; };
		922D920C1CA594BC005F3E47 /* GameObject3D.m */ = {isa = PBXFileReference; fileEncoding = 4; lastKnownFileType = sourcecode.c.objc; path = GameObject3D.m; sourceTree = "<group>"; };
		922D920F1CA594E5005F3E47 /* Vertex.h */ = {isa = PBXFileReference; lastKnownFileType = sourcecode.c.h; path = Vertex.h; sourceTree = "<group>"; };
		922D92101CA595B5005F3E47 /* Ball.h */ = {isa = PBXFileReference; fileEncoding = 4; lastKnownFileType = sourcecode.c.h; path = Ball.h; sourceTree = "<group>"; };
		922D92111CA595B5005F3E47 /* Ball.mm */ = {isa = PBXFileReference; fileEncoding = 4; lastKnownFileType = sourcecode.cpp.objcpp; path = Ball.mm; sourceTree = "<group>"; };
		922D92131CA5963E005F3E47 /* Camera.h */ = {isa = PBXFileReference; fileEncoding = 4; lastKnownFileType = sourcecode.c.h; path = Camera.h; sourceTree = "<group>"; };
		922D92141CA5963E005F3E47 /* Camera.m */ = {isa = PBXFileReference; fileEncoding = 4; lastKnownFileType = sourcecode.c.objc; path = Camera.m; sourceTree = "<group>"; };
		922D92161CA59B65005F3E47 /* sphere.h */ = {isa = PBXFileReference; lastKnownFileType = sourcecode.c.h; path = sphere.h; sourceTree = "<group>"; };
		92B32C941CA48780004653E1 /* BallDrop.app */ = {isa = PBXFileReference; explicitFileType = wrapper.application; includeInIndex = 0; path = BallDrop.app; sourceTree = BUILT_PRODUCTS_DIR; };
		92B32C981CA48780004653E1 /* main.m */ = {isa = PBXFileReference; lastKnownFileType = sourcecode.c.objc; path = main.m; sourceTree = "<group>"; };
		92B32C9A1CA48780004653E1 /* AppDelegate.h */ = {isa = PBXFileReference; lastKnownFileType = sourcecode.c.h; path = AppDelegate.h; sourceTree = "<group>"; };
		92B32C9B1CA48780004653E1 /* AppDelegate.m */ = {isa = PBXFileReference; lastKnownFileType = sourcecode.c.objc; path = AppDelegate.m; sourceTree = "<group>"; };
		92B32C9D1CA48780004653E1 /* Shader.fsh */ = {isa = PBXFileReference; lastKnownFileType = sourcecode.glsl; name = Shader.fsh; path = Shaders/Shader.fsh; sourceTree = "<group>"; };
		92B32C9F1CA48780004653E1 /* Shader.vsh */ = {isa = PBXFileReference; lastKnownFileType = sourcecode.glsl; name = Shader.vsh; path = Shaders/Shader.vsh; sourceTree = "<group>"; };
		92B32CA11CA48780004653E1 /* GameViewController.h */ = {isa = PBXFileReference; lastKnownFileType = sourcecode.c.h; path = GameViewController.h; sourceTree = "<group>"; };
		92B32CA21CA48780004653E1 /* GameViewController.m */ = {isa = PBXFileReference; lastKnownFileType = sourcecode.c.objc; path = GameViewController.m; sourceTree = "<group>"; };
		92B32CA51CA48780004653E1 /* Base */ = {isa = PBXFileReference; lastKnownFileType = file.storyboard; name = Base; path = Base.lproj/Main.storyboard; sourceTree = "<group>"; };
		92B32CA71CA48780004653E1 /* Assets.xcassets */ = {isa = PBXFileReference; lastKnownFileType = folder.assetcatalog; path = Assets.xcassets; sourceTree = "<group>"; };
		92B32CAA1CA48780004653E1 /* Base */ = {isa = PBXFileReference; lastKnownFileType = file.storyboard; name = Base; path = Base.lproj/LaunchScreen.storyboard; sourceTree = "<group>"; };
		92B32CAC1CA48780004653E1 /* Info.plist */ = {isa = PBXFileReference; lastKnownFileType = text.plist.xml; path = Info.plist; sourceTree = "<group>"; };
/* End PBXFileReference section */

/* Begin PBXFrameworksBuildPhase section */
		92B32C911CA48780004653E1 /* Frameworks */ = {
			isa = PBXFrameworksBuildPhase;
			buildActionMask = 2147483647;
			files = (
			);
			runOnlyForDeploymentPostprocessing = 0;
		};
/* End PBXFrameworksBuildPhase section */

/* Begin PBXGroup section */
		922D92071CA5943D005F3E47 /* Model */ = {
			isa = PBXGroup;
			children = (
				922D92081CA5943D005F3E47 /* Sphere */,
			);
			path = Model;
			sourceTree = "<group>";
		};
		922D92081CA5943D005F3E47 /* Sphere */ = {
			isa = PBXGroup;
			children = (
				922D92161CA59B65005F3E47 /* sphere.h */,
			);
			path = Sphere;
			sourceTree = "<group>";
		};
		92B32C8B1CA48780004653E1 = {
			isa = PBXGroup;
			children = (
				92B32C961CA48780004653E1 /* BallDrop */,
				92B32C951CA48780004653E1 /* Products */,
			);
			sourceTree = "<group>";
		};
		92B32C951CA48780004653E1 /* Products */ = {
			isa = PBXGroup;
			children = (
				92B32C941CA48780004653E1 /* BallDrop.app */,
			);
			name = Products;
			sourceTree = "<group>";
		};
		92B32C961CA48780004653E1 /* BallDrop */ = {
			isa = PBXGroup;
			children = (
				922D92071CA5943D005F3E47 /* Model */,
				92B32C9A1CA48780004653E1 /* AppDelegate.h */,
				922D92101CA595B5005F3E47 /* Ball.h */,
				922D92111CA595B5005F3E47 /* Ball.mm */,
				92B32C9B1CA48780004653E1 /* AppDelegate.m */,
				92B32C9D1CA48780004653E1 /* Shader.fsh */,
				922D92091CA594BC005F3E47 /* BaseEffect.h */,
				922D920A1CA594BC005F3E47 /* BaseEffect.m */,
				922D920B1CA594BC005F3E47 /* GameObject3D.h */,
				922D920C1CA594BC005F3E47 /* GameObject3D.m */,
				922D92131CA5963E005F3E47 /* Camera.h */,
				922D92141CA5963E005F3E47 /* Camera.m */,
				922D920F1CA594E5005F3E47 /* Vertex.h */,
				92B32C9F1CA48780004653E1 /* Shader.vsh */,
				92B32CA11CA48780004653E1 /* GameViewController.h */,
				92B32CA21CA48780004653E1 /* GameViewController.m */,
				92B32CA41CA48780004653E1 /* Main.storyboard */,
				92B32CA71CA48780004653E1 /* Assets.xcassets */,
				92B32CA91CA48780004653E1 /* LaunchScreen.storyboard */,
				92B32CAC1CA48780004653E1 /* Info.plist */,
				92B32C971CA48780004653E1 /* Supporting Files */,
			);
			path = BallDrop;
			sourceTree = "<group>";
		};
		92B32C971CA48780004653E1 /* Supporting Files */ = {
			isa = PBXGroup;
			children = (
				92B32C981CA48780004653E1 /* main.m */,
			);
			name = "Supporting Files";
			sourceTree = "<group>";
		};
/* End PBXGroup section */

/* Begin PBXNativeTarget section */
		92B32C931CA48780004653E1 /* BallDrop */ = {
			isa = PBXNativeTarget;
			buildConfigurationList = 92B32CAF1CA48780004653E1 /* Build configuration list for PBXNativeTarget "BallDrop" */;
			buildPhases = (
				92B32C901CA48780004653E1 /* Sources */,
				92B32C911CA48780004653E1 /* Frameworks */,
				92B32C921CA48780004653E1 /* Resources */,
			);
			buildRules = (
			);
			dependencies = (
			);
			name = BallDrop;
			productName = BallDrop;
			productReference = 92B32C941CA48780004653E1 /* BallDrop.app */;
			productType = "com.apple.product-type.application";
		};
/* End PBXNativeTarget section */

/* Begin PBXProject section */
		92B32C8C1CA48780004653E1 /* Project object */ = {
			isa = PBXProject;
			attributes = {
				LastUpgradeCheck = 0720;
				ORGANIZATIONNAME = "Jarred Jardine";
				TargetAttributes = {
					92B32C931CA48780004653E1 = {
						CreatedOnToolsVersion = 7.2;
					};
				};
			};
			buildConfigurationList = 92B32C8F1CA48780004653E1 /* Build configuration list for PBXProject "BallDrop" */;
			compatibilityVersion = "Xcode 3.2";
			developmentRegion = English;
			hasScannedForEncodings = 0;
			knownRegions = (
				en,
				Base,
			);
			mainGroup = 92B32C8B1CA48780004653E1;
			productRefGroup = 92B32C951CA48780004653E1 /* Products */;
			projectDirPath = "";
			projectRoot = "";
			targets = (
				92B32C931CA48780004653E1 /* BallDrop */,
			);
		};
/* End PBXProject section */

/* Begin PBXResourcesBuildPhase section */
		92B32C921CA48780004653E1 /* Resources */ = {
			isa = PBXResourcesBuildPhase;
			buildActionMask = 2147483647;
			files = (
				92B32CA61CA48780004653E1 /* Main.storyboard in Resources */,
				92B32CA01CA48780004653E1 /* Shader.vsh in Resources */,
				92B32CA81CA48780004653E1 /* Assets.xcassets in Resources */,
				92B32CAB1CA48780004653E1 /* LaunchScreen.storyboard in Resources */,
				92B32C9E1CA48780004653E1 /* Shader.fsh in Resources */,
			);
			runOnlyForDeploymentPostprocessing = 0;
		};
/* End PBXResourcesBuildPhase section */

/* Begin PBXSourcesBuildPhase section */
		92B32C901CA48780004653E1 /* Sources */ = {
			isa = PBXSourcesBuildPhase;
			buildActionMask = 2147483647;
			files = (
				922D92151CA5963E005F3E47 /* Camera.m in Sources */,
				92B32C9C1CA48780004653E1 /* AppDelegate.m in Sources */,
				92B32CA31CA48780004653E1 /* GameViewController.m in Sources */,
				922D92121CA595B5005F3E47 /* Ball.mm in Sources */,
				92B32C991CA48780004653E1 /* main.m in Sources */,
				922D920D1CA594BC005F3E47 /* BaseEffect.m in Sources */,
				922D920E1CA594BC005F3E47 /* GameObject3D.m in Sources */,
			);
			runOnlyForDeploymentPostprocessing = 0;
		};
/* End PBXSourcesBuildPhase section */

/* Begin PBXVariantGroup section */
		92B32CA41CA48780004653E1 /* Main.storyboard */ = {
			isa = PBXVariantGroup;
			children = (
				92B32CA51CA48780004653E1 /* Base */,
			);
			name = Main.storyboard;
			sourceTree = "<group>";
		};
		92B32CA91CA48780004653E1 /* LaunchScreen.storyboard */ = {
			isa = PBXVariantGroup;
			children = (
				92B32CAA1CA48780004653E1 /* Base */,
			);
			name = LaunchScreen.storyboard;
			sourceTree = "<group>";
		};
/* End PBXVariantGroup section */

/* Begin XCBuildConfiguration section */
		92B32CAD1CA48780004653E1 /* Debug */ = {
			isa = XCBuildConfiguration;
			buildSettings = {
				ALWAYS_SEARCH_USER_PATHS = NO;
				CLANG_CXX_LANGUAGE_STANDARD = "gnu++0x";
				CLANG_CXX_LIBRARY = "libc++";
				CLANG_ENABLE_MODULES = YES;
				CLANG_ENABLE_OBJC_ARC = YES;
				CLANG_WARN_BOOL_CONVERSION = YES;
				CLANG_WARN_CONSTANT_CONVERSION = YES;
				CLANG_WARN_DIRECT_OBJC_ISA_USAGE = YES_ERROR;
				CLANG_WARN_EMPTY_BODY = YES;
				CLANG_WARN_ENUM_CONVERSION = YES;
				CLANG_WARN_INT_CONVERSION = YES;
				CLANG_WARN_OBJC_ROOT_CLASS = YES_ERROR;
				CLANG_WARN_UNREACHABLE_CODE = YES;
				CLANG_WARN__DUPLICATE_METHOD_MATCH = YES;
				"CODE_SIGN_IDENTITY[sdk=iphoneos*]" = "iPhone Developer";
				COPY_PHASE_STRIP = NO;
				DEBUG_INFORMATION_FORMAT = "dwarf-with-dsym";
				ENABLE_STRICT_OBJC_MSGSEND = YES;
				ENABLE_TESTABILITY = YES;
				GCC_C_LANGUAGE_STANDARD = gnu99;
				GCC_DYNAMIC_NO_PIC = NO;
				GCC_NO_COMMON_BLOCKS = YES;
				GCC_OPTIMIZATION_LEVEL = 0;
				GCC_PREPROCESSOR_DEFINITIONS = (
					"DEBUG=1",
					"$(inherited)",
				);
				GCC_WARN_64_TO_32_BIT_CONVERSION = YES;
				GCC_WARN_ABOUT_RETURN_TYPE = YES_ERROR;
				GCC_WARN_UNDECLARED_SELECTOR = YES;
				GCC_WARN_UNINITIALIZED_AUTOS = YES_AGGRESSIVE;
				GCC_WARN_UNUSED_FUNCTION = YES;
				GCC_WARN_UNUSED_VARIABLE = YES;
				IPHONEOS_DEPLOYMENT_TARGET = 9.2;
				MTL_ENABLE_DEBUG_INFO = YES;
				ONLY_ACTIVE_ARCH = YES;
				SDKROOT = iphoneos;
				TARGETED_DEVICE_FAMILY = "1,2";
			};
			name = Debug;
		};
		92B32CAE1CA48780004653E1 /* Release */ = {
			isa = XCBuildConfiguration;
			buildSettings = {
				ALWAYS_SEARCH_USER_PATHS = NO;
				CLANG_CXX_LANGUAGE_STANDARD = "gnu++0x";
				CLANG_CXX_LIBRARY = "libc++";
				CLANG_ENABLE_MODULES = YES;
				CLANG_ENABLE_OBJC_ARC = YES;
				CLANG_WARN_BOOL_CONVERSION = YES;
				CLANG_WARN_CONSTANT_CONVERSION = YES;
				CLANG_WARN_DIRECT_OBJC_ISA_USAGE = YES_ERROR;
				CLANG_WARN_EMPTY_BODY = YES;
				CLANG_WARN_ENUM_CONVERSION = YES;
				CLANG_WARN_INT_CONVERSION = YES;
				CLANG_WARN_OBJC_ROOT_CLASS = YES_ERROR;
				CLANG_WARN_UNREACHABLE_CODE = YES;
				CLANG_WARN__DUPLICATE_METHOD_MATCH = YES;
				"CODE_SIGN_IDENTITY[sdk=iphoneos*]" = "iPhone Developer";
				COPY_PHASE_STRIP = NO;
				DEBUG_INFORMATION_FORMAT = "dwarf-with-dsym";
				ENABLE_NS_ASSERTIONS = NO;
				ENABLE_STRICT_OBJC_MSGSEND = YES;
				GCC_C_LANGUAGE_STANDARD = gnu99;
				GCC_NO_COMMON_BLOCKS = YES;
				GCC_WARN_64_TO_32_BIT_CONVERSION = YES;
				GCC_WARN_ABOUT_RETURN_TYPE = YES_ERROR;
				GCC_WARN_UNDECLARED_SELECTOR = YES;
				GCC_WARN_UNINITIALIZED_AUTOS = YES_AGGRESSIVE;
				GCC_WARN_UNUSED_FUNCTION = YES;
				GCC_WARN_UNUSED_VARIABLE = YES;
				IPHONEOS_DEPLOYMENT_TARGET = 9.2;
				MTL_ENABLE_DEBUG_INFO = NO;
				SDKROOT = iphoneos;
				TARGETED_DEVICE_FAMILY = "1,2";
				VALIDATE_PRODUCT = YES;
			};
			name = Release;
		};
		92B32CB01CA48780004653E1 /* Debug */ = {
			isa = XCBuildConfiguration;
			buildSettings = {
				ASSETCATALOG_COMPILER_APPICON_NAME = AppIcon;
				INFOPLIST_FILE = BallDrop/Info.plist;
				LD_RUNPATH_SEARCH_PATHS = "$(inherited) @executable_path/Frameworks";
				PRODUCT_BUNDLE_IDENTIFIER = jarredjardine.BallDrop;
				PRODUCT_NAME = "$(TARGET_NAME)";
			};
			name = Debug;
		};
		92B32CB11CA48780004653E1 /* Release */ = {
			isa = XCBuildConfiguration;
			buildSettings = {
				ASSETCATALOG_COMPILER_APPICON_NAME = AppIcon;
				INFOPLIST_FILE = BallDrop/Info.plist;
				LD_RUNPATH_SEARCH_PATHS = "$(inherited) @executable_path/Frameworks";
				PRODUCT_BUNDLE_IDENTIFIER = jarredjardine.BallDrop;
				PRODUCT_NAME = "$(TARGET_NAME)";
			};
			name = Release;
		};
/* End XCBuildConfiguration section */

/* Begin XCConfigurationList section */
		92B32C8F1CA48780004653E1 /* Build configuration list for PBXProject "BallDrop" */ = {
			isa = XCConfigurationList;
			buildConfigurations = (
				92B32CAD1CA48780004653E1 /* Debug */,
				92B32CAE1CA48780004653E1 /* Release */,
			);
			defaultConfigurationIsVisible = 0;
			defaultConfigurationName = Release;
		};
		92B32CAF1CA48780004653E1 /* Build configuration list for PBXNativeTarget "BallDrop" */ = {
			isa = XCConfigurationList;
			buildConfigurations = (
				92B32CB01CA48780004653E1 /* Debug */,
				92B32CB11CA48780004653E1 /* Release */,
			);
			defaultConfigurationIsVisible = 0;
			defaultConfigurationName = Release;
		};
/* End XCConfigurationList section */
	};
	rootObject = 92B32C8C1CA48780004653E1 /* Project object */;
}
